
Microsoft Visual Studio Solution File, Format Version 12.00
# Visual Studio Version 17
VisualStudioVersion = 17.3.32922.545
MinimumVisualStudioVersion = 10.0.40219.1
Project("{FAE04EC0-301F-11D3-BF4B-00C04F79EFBC}") = "RobotCleanerClient", "RobotCleaner\RobotCleanerClient.csproj", "{58CC59B8-8647-4850-B31A-D0E2C781B10C}"
EndProject
Project("{FAE04EC0-301F-11D3-BF4B-00C04F79EFBC}") = "RobotCleanerCore", "RobotCleanerCore\RobotCleanerCore.csproj", "{1E8B3375-0E45-4FFD-A501-B7F294A724F9}"
EndProject
Project("{FAE04EC0-301F-11D3-BF4B-00C04F79EFBC}") = "RobotCleanerTest", "RobotCleanerTest\RobotCleanerTest.csproj", "{CF3F03E7-E123-4F95-9D23-D89ABCAAE226}"
EndProject
Global
	GlobalSection(SolutionConfigurationPlatforms) = preSolution
		Debug|Any CPU = Debug|Any CPU
		Release|Any CPU = Release|Any CPU
	EndGlobalSection
	GlobalSection(ProjectConfigurationPlatforms) = postSolution
		{58CC59B8-8647-4850-B31A-D0E2C781B10C}.Debug|Any CPU.ActiveCfg = Debug|Any CPU
		{58CC59B8-8647-4850-B31A-D0E2C781B10C}.Debug|Any CPU.Build.0 = Debug|Any CPU
		{58CC59B8-8647-4850-B31A-D0E2C781B10C}.Release|Any CPU.ActiveCfg = Release|Any CPU
		{58CC59B8-8647-4850-B31A-D0E2C781B10C}.Release|Any CPU.Build.0 = Release|Any CPU
		{1E8B3375-0E45-4FFD-A501-B7F294A724F9}.Debug|Any CPU.ActiveCfg = Debug|Any CPU
		{1E8B3375-0E45-4FFD-A501-B7F294A724F9}.Debug|Any CPU.Build.0 = Debug|Any CPU
		{1E8B3375-0E45-4FFD-A501-B7F294A724F9}.Release|Any CPU.ActiveCfg = Release|Any CPU
		{1E8B3375-0E45-4FFD-A501-B7F294A724F9}.Release|Any CPU.Build.0 = Release|Any CPU
		{CF3F03E7-E123-4F95-9D23-D89ABCAAE226}.Debug|Any CPU.ActiveCfg = Debug|Any CPU
		{CF3F03E7-E123-4F95-9D23-D89ABCAAE226}.Debug|Any CPU.Build.0 = Debug|Any CPU
		{CF3F03E7-E123-4F95-9D23-D89ABCAAE226}.Release|Any CPU.ActiveCfg = Release|Any CPU
		{CF3F03E7-E123-4F95-9D23-D89ABCAAE226}.Release|Any CPU.Build.0 = Release|Any CPU
	EndGlobalSection
	GlobalSection(SolutionProperties) = preSolution
		HideSolutionNode = FALSE
	EndGlobalSection
	GlobalSection(ExtensibilityGlobals) = postSolution
		SolutionGuid = {6555D26A-293E-42B2-ACD4-5B30A48A5FEE}
	EndGlobalSection
EndGlobal
